{
  "name": "npm-vet",
  "version": "0.0.0",
  "lockfileVersion": 3,
  "requires": true,
  "packages": {
    "": {
      "name": "npm-vet",
      "version": "0.0.0",
      "license": "MIT",
      "bin": {
        "npm-vet": "bin/npm-vet.js"
      },
      "engines": {
        "node": ">=18"
      }
    }
  }
}
